
Microsoft Visual Studio Solution File, Format Version 12.00
# Visual Studio 15
VisualStudioVersion = 15.0.27004.2005
MinimumVisualStudioVersion = 10.0.40219.1
Project("{FAE04EC0-301F-11D3-BF4B-00C04F79EFBC}") = "ProjectRift", "ProjectRift\ProjectRift.csproj", "{B027D146-CEBD-4868-98F6-400BED5466A1}"
EndProject
Project("{FAE04EC0-301F-11D3-BF4B-00C04F79EFBC}") = "ProjectRift.Test", "ProjectRift.Test\ProjectRift.Test.csproj", "{8EDF4429-251A-416D-BB68-93F227191BCF}"
EndProject
Project("{FAE04EC0-301F-11D3-BF4B-00C04F79EFBC}") = "ProjectRiftGameplay.Test", "ProjectRiftGameplay.Test\ProjectRiftGameplay.Test.csproj", "{91BD0A79-980A-4FFD-A139-84BF2DF46303}"
EndProject
Project("{2150E333-8FDC-42A3-9474-1A3956D46DE8}") = "Docs", "Docs", "{3C3EF245-5802-4287-915E-367E5B3E92B6}"
	ProjectSection(SolutionItems) = preProject
		appveyor.yml = appveyor.yml
		LICENSE = LICENSE
		README.md = README.md
	EndProjectSection
EndProject
Global
	GlobalSection(SolutionConfigurationPlatforms) = preSolution
		Debug|Any CPU = Debug|Any CPU
		Release|Any CPU = Release|Any CPU
	EndGlobalSection
	GlobalSection(ProjectConfigurationPlatforms) = postSolution
		{B027D146-CEBD-4868-98F6-400BED5466A1}.Debug|Any CPU.ActiveCfg = Debug|Any CPU
		{B027D146-CEBD-4868-98F6-400BED5466A1}.Debug|Any CPU.Build.0 = Debug|Any CPU
		{B027D146-CEBD-4868-98F6-400BED5466A1}.Release|Any CPU.ActiveCfg = Release|Any CPU
		{B027D146-CEBD-4868-98F6-400BED5466A1}.Release|Any CPU.Build.0 = Release|Any CPU
		{8EDF4429-251A-416D-BB68-93F227191BCF}.Debug|Any CPU.ActiveCfg = Debug|Any CPU
		{8EDF4429-251A-416D-BB68-93F227191BCF}.Debug|Any CPU.Build.0 = Debug|Any CPU
		{8EDF4429-251A-416D-BB68-93F227191BCF}.Release|Any CPU.ActiveCfg = Release|Any CPU
		{8EDF4429-251A-416D-BB68-93F227191BCF}.Release|Any CPU.Build.0 = Release|Any CPU
		{91BD0A79-980A-4FFD-A139-84BF2DF46303}.Debug|Any CPU.ActiveCfg = Debug|Any CPU
		{91BD0A79-980A-4FFD-A139-84BF2DF46303}.Debug|Any CPU.Build.0 = Debug|Any CPU
		{91BD0A79-980A-4FFD-A139-84BF2DF46303}.Release|Any CPU.ActiveCfg = Release|Any CPU
		{91BD0A79-980A-4FFD-A139-84BF2DF46303}.Release|Any CPU.Build.0 = Release|Any CPU
	EndGlobalSection
	GlobalSection(SolutionProperties) = preSolution
		HideSolutionNode = FALSE
	EndGlobalSection
	GlobalSection(ExtensibilityGlobals) = postSolution
		SolutionGuid = {1762C200-4E7A-4531-B6B2-CA96A5D03B53}
	EndGlobalSection
EndGlobal
